
Microsoft Visual Studio Solution File, Format Version 12.00
# Visual Studio 15
VisualStudioVersion = 15.0.28010.2041
MinimumVisualStudioVersion = 10.0.40219.1
Project("{FAE04EC0-301F-11D3-BF4B-00C04F79EFBC}") = "KeyConsole", "KeyConsole\KeyConsole.csproj", "{964CD871-FF99-4A98-94EC-A03E96C1766F}"
EndProject
Global
	GlobalSection(SolutionConfigurationPlatforms) = preSolution
		Debug|Any CPU = Debug|Any CPU
		Release|Any CPU = Release|Any CPU
	EndGlobalSection
	GlobalSection(ProjectConfigurationPlatforms) = postSolution
		{964CD871-FF99-4A98-94EC-A03E96C1766F}.Debug|Any CPU.ActiveCfg = Debug|Any CPU
		{964CD871-FF99-4A98-94EC-A03E96C1766F}.Debug|Any CPU.Build.0 = Debug|Any CPU
		{964CD871-FF99-4A98-94EC-A03E96C1766F}.Release|Any CPU.ActiveCfg = Release|Any CPU
		{964CD871-FF99-4A98-94EC-A03E96C1766F}.Release|Any CPU.Build.0 = Release|Any CPU
	EndGlobalSection
	GlobalSection(SolutionProperties) = preSolution
		HideSolutionNode = FALSE
	EndGlobalSection
	GlobalSection(ExtensibilityGlobals) = postSolution
		SolutionGuid = {6D5D3A4F-CBAB-4E3F-B451-B43789C6B9EE}
	EndGlobalSection
EndGlobal
